// !$*UTF8*$!
{
	archiveVersion = 1;
	classes = {
	};
	objectVersion = 50;
	objects = {

/* Begin PBXBuildFile section */
		5C0A1F3125DB2D25000AAA25 /* PlayerTableViewCell.swift in Sources */ = {isa = PBXBuildFile; fileRef = 5C0A1F3025DB2D25000AAA25 /* PlayerTableViewCell.swift */; };
		5C58827A25C629F0005392C1 /* Game.swift in Sources */ = {isa = PBXBuildFile; fileRef = 5C58827925C629F0005392C1 /* Game.swift */; };
		5C58829B25C84F3B005392C1 /* GameTableViewCell.swift in Sources */ = {isa = PBXBuildFile; fileRef = 5C58829A25C84F3B005392C1 /* GameTableViewCell.swift */; };
		5C61813425E439E400D34F92 /* TeamsViewController.swift in Sources */ = {isa = PBXBuildFile; fileRef = 5C61813325E439E400D34F92 /* TeamsViewController.swift */; };
		5C61813C25E43EB600D34F92 /* TeamCollectionViewCell.swift in Sources */ = {isa = PBXBuildFile; fileRef = 5C61813B25E43EB600D34F92 /* TeamCollectionViewCell.swift */; };
		5C63F3A225BF32AE001260D9 /* AppDelegate.swift in Sources */ = {isa = PBXBuildFile; fileRef = 5C63F3A125BF32AE001260D9 /* AppDelegate.swift */; };
		5C63F3A425BF32AE001260D9 /* SceneDelegate.swift in Sources */ = {isa = PBXBuildFile; fileRef = 5C63F3A325BF32AE001260D9 /* SceneDelegate.swift */; };
		5C63F3A925BF32AE001260D9 /* Main.storyboard in Resources */ = {isa = PBXBuildFile; fileRef = 5C63F3A725BF32AE001260D9 /* Main.storyboard */; };
		5C63F3AB25BF32B4001260D9 /* Assets.xcassets in Resources */ = {isa = PBXBuildFile; fileRef = 5C63F3AA25BF32B4001260D9 /* Assets.xcassets */; };
		5C63F3AE25BF32B4001260D9 /* LaunchScreen.storyboard in Resources */ = {isa = PBXBuildFile; fileRef = 5C63F3AC25BF32B4001260D9 /* LaunchScreen.storyboard */; };
		5C63F3B925BF32B4001260D9 /* NBAPlayersTests.swift in Sources */ = {isa = PBXBuildFile; fileRef = 5C63F3B825BF32B4001260D9 /* NBAPlayersTests.swift */; };
		5C63F3C425BF32B4001260D9 /* NBAPlayersUITests.swift in Sources */ = {isa = PBXBuildFile; fileRef = 5C63F3C325BF32B4001260D9 /* NBAPlayersUITests.swift */; };
		5C63F3E825C06400001260D9 /* PlayersViewController.swift in Sources */ = {isa = PBXBuildFile; fileRef = 5C63F3E725C063FF001260D9 /* PlayersViewController.swift */; };
		5C63F3ED25C06A56001260D9 /* PlayerDetailsViewController.swift in Sources */ = {isa = PBXBuildFile; fileRef = 5C63F3EC25C06A55001260D9 /* PlayerDetailsViewController.swift */; };
		5C63F3F225C081E7001260D9 /* Player.swift in Sources */ = {isa = PBXBuildFile; fileRef = 5C63F3F125C081E6001260D9 /* Player.swift */; };
		5C63F3F725C09537001260D9 /* Team.swift in Sources */ = {isa = PBXBuildFile; fileRef = 5C63F3F625C09537001260D9 /* Team.swift */; };
		5C63F3FC25C096AD001260D9 /* TeamDetailsViewController.swift in Sources */ = {isa = PBXBuildFile; fileRef = 5C63F3FB25C096AD001260D9 /* TeamDetailsViewController.swift */; };
		5C63F40225C19141001260D9 /* ApiClient.swift in Sources */ = {isa = PBXBuildFile; fileRef = 5C63F40125C19141001260D9 /* ApiClient.swift */; };
		5CC2E4BA25D4006100CA4EF5 /* PushControllerUtils.swift in Sources */ = {isa = PBXBuildFile; fileRef = 5CC2E4B925D4006100CA4EF5 /* PushControllerUtils.swift */; };
		5CCCCB2A25D2DF24008AB927 /* GameDetailsViewController.swift in Sources */ = {isa = PBXBuildFile; fileRef = 5CCCCB2925D2DF24008AB927 /* GameDetailsViewController.swift */; };
		5CD8489725C32149005B5CC3 /* GamesViewController.swift in Sources */ = {isa = PBXBuildFile; fileRef = 5CD8489625C32149005B5CC3 /* GamesViewController.swift */; };
/* End PBXBuildFile section */

/* Begin PBXContainerItemProxy section */
		5C63F3B525BF32B4001260D9 /* PBXContainerItemProxy */ = {
			isa = PBXContainerItemProxy;
			containerPortal = 5C63F39625BF32AE001260D9 /* Project object */;
			proxyType = 1;
			remoteGlobalIDString = 5C63F39D25BF32AE001260D9;
			remoteInfo = NBAPlayers;
		};
		5C63F3C025BF32B4001260D9 /* PBXContainerItemProxy */ = {
			isa = PBXContainerItemProxy;
			containerPortal = 5C63F39625BF32AE001260D9 /* Project object */;
			proxyType = 1;
			remoteGlobalIDString = 5C63F39D25BF32AE001260D9;
			remoteInfo = NBAPlayers;
		};
/* End PBXContainerItemProxy section */

/* Begin PBXFileReference section */
		5C0A1F3025DB2D25000AAA25 /* PlayerTableViewCell.swift */ = {isa = PBXFileReference; lastKnownFileType = sourcecode.swift; path = PlayerTableViewCell.swift; sourceTree = "<group>"; };
		5C58827925C629F0005392C1 /* Game.swift */ = {isa = PBXFileReference; lastKnownFileType = sourcecode.swift; path = Game.swift; sourceTree = "<group>"; };
		5C58829A25C84F3B005392C1 /* GameTableViewCell.swift */ = {isa = PBXFileReference; lastKnownFileType = sourcecode.swift; path = GameTableViewCell.swift; sourceTree = "<group>"; };
		5C61813325E439E400D34F92 /* TeamsViewController.swift */ = {isa = PBXFileReference; lastKnownFileType = sourcecode.swift; path = TeamsViewController.swift; sourceTree = "<group>"; };
		5C61813B25E43EB600D34F92 /* TeamCollectionViewCell.swift */ = {isa = PBXFileReference; lastKnownFileType = sourcecode.swift; path = TeamCollectionViewCell.swift; sourceTree = "<group>"; };
		5C63F39E25BF32AE001260D9 /* NBAPlayers.app */ = {isa = PBXFileReference; explicitFileType = wrapper.application; includeInIndex = 0; path = NBAPlayers.app; sourceTree = BUILT_PRODUCTS_DIR; };
		5C63F3A125BF32AE001260D9 /* AppDelegate.swift */ = {isa = PBXFileReference; lastKnownFileType = sourcecode.swift; path = AppDelegate.swift; sourceTree = "<group>"; };
		5C63F3A325BF32AE001260D9 /* SceneDelegate.swift */ = {isa = PBXFileReference; lastKnownFileType = sourcecode.swift; path = SceneDelegate.swift; sourceTree = "<group>"; };
		5C63F3A825BF32AE001260D9 /* Base */ = {isa = PBXFileReference; lastKnownFileType = file.storyboard; name = Base; path = Base.lproj/Main.storyboard; sourceTree = "<group>"; };
		5C63F3AA25BF32B4001260D9 /* Assets.xcassets */ = {isa = PBXFileReference; lastKnownFileType = folder.assetcatalog; path = Assets.xcassets; sourceTree = "<group>"; };
		5C63F3AD25BF32B4001260D9 /* Base */ = {isa = PBXFileReference; lastKnownFileType = file.storyboard; name = Base; path = Base.lproj/LaunchScreen.storyboard; sourceTree = "<group>"; };
		5C63F3AF25BF32B4001260D9 /* Info.plist */ = {isa = PBXFileReference; lastKnownFileType = text.plist.xml; path = Info.plist; sourceTree = "<group>"; };
		5C63F3B425BF32B4001260D9 /* NBAPlayersTests.xctest */ = {isa = PBXFileReference; explicitFileType = wrapper.cfbundle; includeInIndex = 0; path = NBAPlayersTests.xctest; sourceTree = BUILT_PRODUCTS_DIR; };
		5C63F3B825BF32B4001260D9 /* NBAPlayersTests.swift */ = {isa = PBXFileReference; lastKnownFileType = sourcecode.swift; path = NBAPlayersTests.swift; sourceTree = "<group>"; };
		5C63F3BA25BF32B4001260D9 /* Info.plist */ = {isa = PBXFileReference; lastKnownFileType = text.plist.xml; path = Info.plist; sourceTree = "<group>"; };
		5C63F3BF25BF32B4001260D9 /* NBAPlayersUITests.xctest */ = {isa = PBXFileReference; explicitFileType = wrapper.cfbundle; includeInIndex = 0; path = NBAPlayersUITests.xctest; sourceTree = BUILT_PRODUCTS_DIR; };
		5C63F3C325BF32B4001260D9 /* NBAPlayersUITests.swift */ = {isa = PBXFileReference; lastKnownFileType = sourcecode.swift; path = NBAPlayersUITests.swift; sourceTree = "<group>"; };
		5C63F3C525BF32B4001260D9 /* Info.plist */ = {isa = PBXFileReference; lastKnownFileType = text.plist.xml; path = Info.plist; sourceTree = "<group>"; };
		5C63F3E725C063FF001260D9 /* PlayersViewController.swift */ = {isa = PBXFileReference; lastKnownFileType = sourcecode.swift; path = PlayersViewController.swift; sourceTree = "<group>"; };
		5C63F3EC25C06A55001260D9 /* PlayerDetailsViewController.swift */ = {isa = PBXFileReference; lastKnownFileType = sourcecode.swift; path = PlayerDetailsViewController.swift; sourceTree = "<group>"; };
		5C63F3F125C081E6001260D9 /* Player.swift */ = {isa = PBXFileReference; lastKnownFileType = sourcecode.swift; path = Player.swift; sourceTree = "<group>"; };
		5C63F3F625C09537001260D9 /* Team.swift */ = {isa = PBXFileReference; lastKnownFileType = sourcecode.swift; path = Team.swift; sourceTree = "<group>"; };
		5C63F3FB25C096AD001260D9 /* TeamDetailsViewController.swift */ = {isa = PBXFileReference; lastKnownFileType = sourcecode.swift; path = TeamDetailsViewController.swift; sourceTree = "<group>"; };
		5C63F40125C19141001260D9 /* ApiClient.swift */ = {isa = PBXFileReference; lastKnownFileType = sourcecode.swift; path = ApiClient.swift; sourceTree = "<group>"; };
		5CC2E4B925D4006100CA4EF5 /* PushControllerUtils.swift */ = {isa = PBXFileReference; lastKnownFileType = sourcecode.swift; path = PushControllerUtils.swift; sourceTree = "<group>"; };
		5CCCCB2925D2DF24008AB927 /* GameDetailsViewController.swift */ = {isa = PBXFileReference; lastKnownFileType = sourcecode.swift; path = GameDetailsViewController.swift; sourceTree = "<group>"; };
		5CD8489625C32149005B5CC3 /* GamesViewController.swift */ = {isa = PBXFileReference; lastKnownFileType = sourcecode.swift; path = GamesViewController.swift; sourceTree = "<group>"; };
/* End PBXFileReference section */

/* Begin PBXFrameworksBuildPhase section */
		5C63F39B25BF32AE001260D9 /* Frameworks */ = {
			isa = PBXFrameworksBuildPhase;
			buildActionMask = 2147483647;
			files = (
			);
			runOnlyForDeploymentPostprocessing = 0;
		};
		5C63F3B125BF32B4001260D9 /* Frameworks */ = {
			isa = PBXFrameworksBuildPhase;
			buildActionMask = 2147483647;
			files = (
			);
			runOnlyForDeploymentPostprocessing = 0;
		};
		5C63F3BC25BF32B4001260D9 /* Frameworks */ = {
			isa = PBXFrameworksBuildPhase;
			buildActionMask = 2147483647;
			files = (
			);
			runOnlyForDeploymentPostprocessing = 0;
		};
/* End PBXFrameworksBuildPhase section */

/* Begin PBXGroup section */
		5C58828925C81B93005392C1 /* Model */ = {
			isa = PBXGroup;
			children = (
				5C63F3F125C081E6001260D9 /* Player.swift */,
				5C63F3F625C09537001260D9 /* Team.swift */,
				5C58827925C629F0005392C1 /* Game.swift */,
			);
			path = Model;
			sourceTree = "<group>";
		};
		5C58828D25C81DC3005392C1 /* Utils */ = {
			isa = PBXGroup;
			children = (
				5CC2E4B925D4006100CA4EF5 /* PushControllerUtils.swift */,
			);
			path = Utils;
			sourceTree = "<group>";
		};
		5C58828E25C81E26005392C1 /* Clients */ = {
			isa = PBXGroup;
			children = (
				5C63F40125C19141001260D9 /* ApiClient.swift */,
			);
			path = Clients;
			sourceTree = "<group>";
		};
		5C58828F25C81E34005392C1 /* Supporting Files */ = {
			isa = PBXGroup;
			children = (
				5C63F3AA25BF32B4001260D9 /* Assets.xcassets */,
				5C63F3AF25BF32B4001260D9 /* Info.plist */,
				5C63F3A125BF32AE001260D9 /* AppDelegate.swift */,
				5C63F3A325BF32AE001260D9 /* SceneDelegate.swift */,
			);
			path = "Supporting Files";
			sourceTree = "<group>";
		};
		5C58829925C84F17005392C1 /* View */ = {
			isa = PBXGroup;
			children = (
				5C63F3A725BF32AE001260D9 /* Main.storyboard */,
				5C63F3AC25BF32B4001260D9 /* LaunchScreen.storyboard */,
			);
			path = View;
			sourceTree = "<group>";
		};
		5C63F39525BF32AE001260D9 = {
			isa = PBXGroup;
			children = (
				5C63F3A025BF32AE001260D9 /* NBAPlayers */,
				5C63F3B725BF32B4001260D9 /* NBAPlayersTests */,
				5C63F3C225BF32B4001260D9 /* NBAPlayersUITests */,
				5C63F39F25BF32AE001260D9 /* Products */,
			);
			sourceTree = "<group>";
		};
		5C63F39F25BF32AE001260D9 /* Products */ = {
			isa = PBXGroup;
			children = (
				5C63F39E25BF32AE001260D9 /* NBAPlayers.app */,
				5C63F3B425BF32B4001260D9 /* NBAPlayersTests.xctest */,
				5C63F3BF25BF32B4001260D9 /* NBAPlayersUITests.xctest */,
			);
			name = Products;
			sourceTree = "<group>";
		};
		5C63F3A025BF32AE001260D9 /* NBAPlayers */ = {
			isa = PBXGroup;
			children = (
				5C58828D25C81DC3005392C1 /* Utils */,
				5C58828F25C81E34005392C1 /* Supporting Files */,
				5C58828E25C81E26005392C1 /* Clients */,
				FDAFC5FA2646B912007271B9 /* Players */,
				FDAFC5FD2646B999007271B9 /* Teams */,
				FDAFC5FE2646B9B6007271B9 /* Games */,
				5C58828925C81B93005392C1 /* Model */,
				5C58829925C84F17005392C1 /* View */,
			);
			path = NBAPlayers;
			sourceTree = "<group>";
		};
		5C63F3B725BF32B4001260D9 /* NBAPlayersTests */ = {
			isa = PBXGroup;
			children = (
				5C63F3B825BF32B4001260D9 /* NBAPlayersTests.swift */,
				5C63F3BA25BF32B4001260D9 /* Info.plist */,
			);
			path = NBAPlayersTests;
			sourceTree = "<group>";
		};
		5C63F3C225BF32B4001260D9 /* NBAPlayersUITests */ = {
			isa = PBXGroup;
			children = (
				5C63F3C325BF32B4001260D9 /* NBAPlayersUITests.swift */,
				5C63F3C525BF32B4001260D9 /* Info.plist */,
			);
			path = NBAPlayersUITests;
			sourceTree = "<group>";
		};
		FDAFC5FA2646B912007271B9 /* Players */ = {
			isa = PBXGroup;
			children = (
				FDAFC5FC2646B96F007271B9 /* Cells */,
				5C63F3E725C063FF001260D9 /* PlayersViewController.swift */,
				5C63F3EC25C06A55001260D9 /* PlayerDetailsViewController.swift */,
			);
			path = Players;
			sourceTree = "<group>";
		};
		FDAFC5FC2646B96F007271B9 /* Cells */ = {
			isa = PBXGroup;
			children = (
				5C0A1F3025DB2D25000AAA25 /* PlayerTableViewCell.swift */,
			);
			path = Cells;
			sourceTree = "<group>";
		};
		FDAFC5FD2646B999007271B9 /* Teams */ = {
			isa = PBXGroup;
			children = (
				FDAFC5FF2646B9D0007271B9 /* Cells */,
				5C61813325E439E400D34F92 /* TeamsViewController.swift */,
				5C63F3FB25C096AD001260D9 /* TeamDetailsViewController.swift */,
			);
			path = Teams;
			sourceTree = "<group>";
		};
		FDAFC5FE2646B9B6007271B9 /* Games */ = {
			isa = PBXGroup;
			children = (
				FDAFC6002646BA04007271B9 /* Cells */,
				5CD8489625C32149005B5CC3 /* GamesViewController.swift */,
				5CCCCB2925D2DF24008AB927 /* GameDetailsViewController.swift */,
			);
			path = Games;
			sourceTree = "<group>";
		};
		FDAFC5FF2646B9D0007271B9 /* Cells */ = {
			isa = PBXGroup;
			children = (
				5C61813B25E43EB600D34F92 /* TeamCollectionViewCell.swift */,
			);
			path = Cells;
			sourceTree = "<group>";
		};
		FDAFC6002646BA04007271B9 /* Cells */ = {
			isa = PBXGroup;
			children = (
				5C58829A25C84F3B005392C1 /* GameTableViewCell.swift */,
			);
			path = Cells;
			sourceTree = "<group>";
		};
/* End PBXGroup section */

/* Begin PBXNativeTarget section */
		5C63F39D25BF32AE001260D9 /* NBAPlayers */ = {
			isa = PBXNativeTarget;
			buildConfigurationList = 5C63F3C825BF32B4001260D9 /* Build configuration list for PBXNativeTarget "NBAPlayers" */;
			buildPhases = (
				5C63F39A25BF32AE001260D9 /* Sources */,
				5C63F39B25BF32AE001260D9 /* Frameworks */,
				5C63F39C25BF32AE001260D9 /* Resources */,
			);
			buildRules = (
			);
			dependencies = (
			);
			name = NBAPlayers;
			productName = NBAPlayers;
			productReference = 5C63F39E25BF32AE001260D9 /* NBAPlayers.app */;
			productType = "com.apple.product-type.application";
		};
		5C63F3B325BF32B4001260D9 /* NBAPlayersTests */ = {
			isa = PBXNativeTarget;
			buildConfigurationList = 5C63F3CB25BF32B4001260D9 /* Build configuration list for PBXNativeTarget "NBAPlayersTests" */;
			buildPhases = (
				5C63F3B025BF32B4001260D9 /* Sources */,
				5C63F3B125BF32B4001260D9 /* Frameworks */,
				5C63F3B225BF32B4001260D9 /* Resources */,
			);
			buildRules = (
			);
			dependencies = (
				5C63F3B625BF32B4001260D9 /* PBXTargetDependency */,
			);
			name = NBAPlayersTests;
			productName = NBAPlayersTests;
			productReference = 5C63F3B425BF32B4001260D9 /* NBAPlayersTests.xctest */;
			productType = "com.apple.product-type.bundle.unit-test";
		};
		5C63F3BE25BF32B4001260D9 /* NBAPlayersUITests */ = {
			isa = PBXNativeTarget;
			buildConfigurationList = 5C63F3CE25BF32B4001260D9 /* Build configuration list for PBXNativeTarget "NBAPlayersUITests" */;
			buildPhases = (
				5C63F3BB25BF32B4001260D9 /* Sources */,
				5C63F3BC25BF32B4001260D9 /* Frameworks */,
				5C63F3BD25BF32B4001260D9 /* Resources */,
			);
			buildRules = (
			);
			dependencies = (
				5C63F3C125BF32B4001260D9 /* PBXTargetDependency */,
			);
			name = NBAPlayersUITests;
			productName = NBAPlayersUITests;
			productReference = 5C63F3BF25BF32B4001260D9 /* NBAPlayersUITests.xctest */;
			productType = "com.apple.product-type.bundle.ui-testing";
		};
/* End PBXNativeTarget section */

/* Begin PBXProject section */
		5C63F39625BF32AE001260D9 /* Project object */ = {
			isa = PBXProject;
			attributes = {
				LastSwiftUpdateCheck = 1230;
				LastUpgradeCheck = 1230;
				TargetAttributes = {
					5C63F39D25BF32AE001260D9 = {
						CreatedOnToolsVersion = 12.3;
					};
					5C63F3B325BF32B4001260D9 = {
						CreatedOnToolsVersion = 12.3;
						TestTargetID = 5C63F39D25BF32AE001260D9;
					};
					5C63F3BE25BF32B4001260D9 = {
						CreatedOnToolsVersion = 12.3;
						TestTargetID = 5C63F39D25BF32AE001260D9;
					};
				};
			};
			buildConfigurationList = 5C63F39925BF32AE001260D9 /* Build configuration list for PBXProject "NBAPlayers" */;
			compatibilityVersion = "Xcode 9.3";
			developmentRegion = en;
			hasScannedForEncodings = 0;
			knownRegions = (
				en,
				Base,
			);
			mainGroup = 5C63F39525BF32AE001260D9;
			productRefGroup = 5C63F39F25BF32AE001260D9 /* Products */;
			projectDirPath = "";
			projectRoot = "";
			targets = (
				5C63F39D25BF32AE001260D9 /* NBAPlayers */,
				5C63F3B325BF32B4001260D9 /* NBAPlayersTests */,
				5C63F3BE25BF32B4001260D9 /* NBAPlayersUITests */,
			);
		};
/* End PBXProject section */

/* Begin PBXResourcesBuildPhase section */
		5C63F39C25BF32AE001260D9 /* Resources */ = {
			isa = PBXResourcesBuildPhase;
			buildActionMask = 2147483647;
			files = (
				5C63F3AE25BF32B4001260D9 /* LaunchScreen.storyboard in Resources */,
				5C63F3AB25BF32B4001260D9 /* Assets.xcassets in Resources */,
				5C63F3A925BF32AE001260D9 /* Main.storyboard in Resources */,
			);
			runOnlyForDeploymentPostprocessing = 0;
		};
		5C63F3B225BF32B4001260D9 /* Resources */ = {
			isa = PBXResourcesBuildPhase;
			buildActionMask = 2147483647;
			files = (
			);
			runOnlyForDeploymentPostprocessing = 0;
		};
		5C63F3BD25BF32B4001260D9 /* Resources */ = {
			isa = PBXResourcesBuildPhase;
			buildActionMask = 2147483647;
			files = (
			);
			runOnlyForDeploymentPostprocessing = 0;
		};
/* End PBXResourcesBuildPhase section */

/* Begin PBXSourcesBuildPhase section */
		5C63F39A25BF32AE001260D9 /* Sources */ = {
			isa = PBXSourcesBuildPhase;
			buildActionMask = 2147483647;
			files = (
				5C0A1F3125DB2D25000AAA25 /* PlayerTableViewCell.swift in Sources */,
				5C63F3F725C09537001260D9 /* Team.swift in Sources */,
				5CC2E4BA25D4006100CA4EF5 /* PushControllerUtils.swift in Sources */,
				5CCCCB2A25D2DF24008AB927 /* GameDetailsViewController.swift in Sources */,
				5C58827A25C629F0005392C1 /* Game.swift in Sources */,
				5C61813C25E43EB600D34F92 /* TeamCollectionViewCell.swift in Sources */,
				5C63F3A225BF32AE001260D9 /* AppDelegate.swift in Sources */,
				5C63F3A425BF32AE001260D9 /* SceneDelegate.swift in Sources */,
				5C63F40225C19141001260D9 /* ApiClient.swift in Sources */,
				5CD8489725C32149005B5CC3 /* GamesViewController.swift in Sources */,
				5C58829B25C84F3B005392C1 /* GameTableViewCell.swift in Sources */,
				5C63F3ED25C06A56001260D9 /* PlayerDetailsViewController.swift in Sources */,
				5C63F3F225C081E7001260D9 /* Player.swift in Sources */,
				5C63F3FC25C096AD001260D9 /* TeamDetailsViewController.swift in Sources */,
				5C61813425E439E400D34F92 /* TeamsViewController.swift in Sources */,
				5C63F3E825C06400001260D9 /* PlayersViewController.swift in Sources */,
			);
			runOnlyForDeploymentPostprocessing = 0;
		};
		5C63F3B025BF32B4001260D9 /* Sources */ = {
			isa = PBXSourcesBuildPhase;
			buildActionMask = 2147483647;
			files = (
				5C63F3B925BF32B4001260D9 /* NBAPlayersTests.swift in Sources */,
			);
			runOnlyForDeploymentPostprocessing = 0;
		};
		5C63F3BB25BF32B4001260D9 /* Sources */ = {
			isa = PBXSourcesBuildPhase;
			buildActionMask = 2147483647;
			files = (
				5C63F3C425BF32B4001260D9 /* NBAPlayersUITests.swift in Sources */,
			);
			runOnlyForDeploymentPostprocessing = 0;
		};
/* End PBXSourcesBuildPhase section */

/* Begin PBXTargetDependency section */
		5C63F3B625BF32B4001260D9 /* PBXTargetDependency */ = {
			isa = PBXTargetDependency;
			target = 5C63F39D25BF32AE001260D9 /* NBAPlayers */;
			targetProxy = 5C63F3B525BF32B4001260D9 /* PBXContainerItemProxy */;
		};
		5C63F3C125BF32B4001260D9 /* PBXTargetDependency */ = {
			isa = PBXTargetDependency;
			target = 5C63F39D25BF32AE001260D9 /* NBAPlayers */;
			targetProxy = 5C63F3C025BF32B4001260D9 /* PBXContainerItemProxy */;
		};
/* End PBXTargetDependency section */

/* Begin PBXVariantGroup section */
		5C63F3A725BF32AE001260D9 /* Main.storyboard */ = {
			isa = PBXVariantGroup;
			children = (
				5C63F3A825BF32AE001260D9 /* Base */,
			);
			name = Main.storyboard;
			sourceTree = "<group>";
		};
		5C63F3AC25BF32B4001260D9 /* LaunchScreen.storyboard */ = {
			isa = PBXVariantGroup;
			children = (
				5C63F3AD25BF32B4001260D9 /* Base */,
			);
			name = LaunchScreen.storyboard;
			sourceTree = "<group>";
		};
/* End PBXVariantGroup section */

/* Begin XCBuildConfiguration section */
		5C63F3C625BF32B4001260D9 /* Debug */ = {
			isa = XCBuildConfiguration;
			buildSettings = {
				ALWAYS_SEARCH_USER_PATHS = NO;
				CLANG_ANALYZER_NONNULL = YES;
				CLANG_ANALYZER_NUMBER_OBJECT_CONVERSION = YES_AGGRESSIVE;
				CLANG_CXX_LANGUAGE_STANDARD = "gnu++14";
				CLANG_CXX_LIBRARY = "libc++";
				CLANG_ENABLE_MODULES = YES;
				CLANG_ENABLE_OBJC_ARC = YES;
				CLANG_ENABLE_OBJC_WEAK = YES;
				CLANG_WARN_BLOCK_CAPTURE_AUTORELEASING = YES;
				CLANG_WARN_BOOL_CONVERSION = YES;
				CLANG_WARN_COMMA = YES;
				CLANG_WARN_CONSTANT_CONVERSION = YES;
				CLANG_WARN_DEPRECATED_OBJC_IMPLEMENTATIONS = YES;
				CLANG_WARN_DIRECT_OBJC_ISA_USAGE = YES_ERROR;
				CLANG_WARN_DOCUMENTATION_COMMENTS = YES;
				CLANG_WARN_EMPTY_BODY = YES;
				CLANG_WARN_ENUM_CONVERSION = YES;
				CLANG_WARN_INFINITE_RECURSION = YES;
				CLANG_WARN_INT_CONVERSION = YES;
				CLANG_WARN_NON_LITERAL_NULL_CONVERSION = YES;
				CLANG_WARN_OBJC_IMPLICIT_RETAIN_SELF = YES;
				CLANG_WARN_OBJC_LITERAL_CONVERSION = YES;
				CLANG_WARN_OBJC_ROOT_CLASS = YES_ERROR;
				CLANG_WARN_QUOTED_INCLUDE_IN_FRAMEWORK_HEADER = YES;
				CLANG_WARN_RANGE_LOOP_ANALYSIS = YES;
				CLANG_WARN_STRICT_PROTOTYPES = YES;
				CLANG_WARN_SUSPICIOUS_MOVE = YES;
				CLANG_WARN_UNGUARDED_AVAILABILITY = YES_AGGRESSIVE;
				CLANG_WARN_UNREACHABLE_CODE = YES;
				CLANG_WARN__DUPLICATE_METHOD_MATCH = YES;
				COPY_PHASE_STRIP = NO;
				DEBUG_INFORMATION_FORMAT = dwarf;
				ENABLE_STRICT_OBJC_MSGSEND = YES;
				ENABLE_TESTABILITY = YES;
				GCC_C_LANGUAGE_STANDARD = gnu11;
				GCC_DYNAMIC_NO_PIC = NO;
				GCC_NO_COMMON_BLOCKS = YES;
				GCC_OPTIMIZATION_LEVEL = 0;
				GCC_PREPROCESSOR_DEFINITIONS = (
					"DEBUG=1",
					"$(inherited)",
				);
				GCC_WARN_64_TO_32_BIT_CONVERSION = YES;
				GCC_WARN_ABOUT_RETURN_TYPE = YES_ERROR;
				GCC_WARN_UNDECLARED_SELECTOR = YES;
				GCC_WARN_UNINITIALIZED_AUTOS = YES_AGGRESSIVE;
				GCC_WARN_UNUSED_FUNCTION = YES;
				GCC_WARN_UNUSED_VARIABLE = YES;
				IPHONEOS_DEPLOYMENT_TARGET = 14.4;
				MTL_ENABLE_DEBUG_INFO = INCLUDE_SOURCE;
				MTL_FAST_MATH = YES;
				ONLY_ACTIVE_ARCH = YES;
				SDKROOT = iphoneos;
				SWIFT_ACTIVE_COMPILATION_CONDITIONS = DEBUG;
				SWIFT_OPTIMIZATION_LEVEL = "-Onone";
			};
			name = Debug;
		};
		5C63F3C725BF32B4001260D9 /* Release */ = {
			isa = XCBuildConfiguration;
			buildSettings = {
				ALWAYS_SEARCH_USER_PATHS = NO;
				CLANG_ANALYZER_NONNULL = YES;
				CLANG_ANALYZER_NUMBER_OBJECT_CONVERSION = YES_AGGRESSIVE;
				CLANG_CXX_LANGUAGE_STANDARD = "gnu++14";
				CLANG_CXX_LIBRARY = "libc++";
				CLANG_ENABLE_MODULES = YES;
				CLANG_ENABLE_OBJC_ARC = YES;
				CLANG_ENABLE_OBJC_WEAK = YES;
				CLANG_WARN_BLOCK_CAPTURE_AUTORELEASING = YES;
				CLANG_WARN_BOOL_CONVERSION = YES;
				CLANG_WARN_COMMA = YES;
				CLANG_WARN_CONSTANT_CONVERSION = YES;
				CLANG_WARN_DEPRECATED_OBJC_IMPLEMENTATIONS = YES;
				CLANG_WARN_DIRECT_OBJC_ISA_USAGE = YES_ERROR;
				CLANG_WARN_DOCUMENTATION_COMMENTS = YES;
				CLANG_WARN_EMPTY_BODY = YES;
				CLANG_WARN_ENUM_CONVERSION = YES;
				CLANG_WARN_INFINITE_RECURSION = YES;
				CLANG_WARN_INT_CONVERSION = YES;
				CLANG_WARN_NON_LITERAL_NULL_CONVERSION = YES;
				CLANG_WARN_OBJC_IMPLICIT_RETAIN_SELF = YES;
				CLANG_WARN_OBJC_LITERAL_CONVERSION = YES;
				CLANG_WARN_OBJC_ROOT_CLASS = YES_ERROR;
				CLANG_WARN_QUOTED_INCLUDE_IN_FRAMEWORK_HEADER = YES;
				CLANG_WARN_RANGE_LOOP_ANALYSIS = YES;
				CLANG_WARN_STRICT_PROTOTYPES = YES;
				CLANG_WARN_SUSPICIOUS_MOVE = YES;
				CLANG_WARN_UNGUARDED_AVAILABILITY = YES_AGGRESSIVE;
				CLANG_WARN_UNREACHABLE_CODE = YES;
				CLANG_WARN__DUPLICATE_METHOD_MATCH = YES;
				COPY_PHASE_STRIP = NO;
				DEBUG_INFORMATION_FORMAT = "dwarf-with-dsym";
				ENABLE_NS_ASSERTIONS = NO;
				ENABLE_STRICT_OBJC_MSGSEND = YES;
				GCC_C_LANGUAGE_STANDARD = gnu11;
				GCC_NO_COMMON_BLOCKS = YES;
				GCC_WARN_64_TO_32_BIT_CONVERSION = YES;
				GCC_WARN_ABOUT_RETURN_TYPE = YES_ERROR;
				GCC_WARN_UNDECLARED_SELECTOR = YES;
				GCC_WARN_UNINITIALIZED_AUTOS = YES_AGGRESSIVE;
				GCC_WARN_UNUSED_FUNCTION = YES;
				GCC_WARN_UNUSED_VARIABLE = YES;
				IPHONEOS_DEPLOYMENT_TARGET = 14.4;
				MTL_ENABLE_DEBUG_INFO = NO;
				MTL_FAST_MATH = YES;
				SDKROOT = iphoneos;
				SWIFT_COMPILATION_MODE = wholemodule;
				SWIFT_OPTIMIZATION_LEVEL = "-O";
				VALIDATE_PRODUCT = YES;
			};
			name = Release;
		};
		5C63F3C925BF32B4001260D9 /* Debug */ = {
			isa = XCBuildConfiguration;
			buildSettings = {
				ASSETCATALOG_COMPILER_APPICON_NAME = AppIcon;
				ASSETCATALOG_COMPILER_GLOBAL_ACCENT_COLOR_NAME = AccentColor;
				CODE_SIGN_STYLE = Automatic;
				DEVELOPMENT_TEAM = R27KA2D3J8;
				INFOPLIST_FILE = NBAPlayers/Info.plist;
				IPHONEOS_DEPLOYMENT_TARGET = 14.4;
				LD_RUNPATH_SEARCH_PATHS = (
					"$(inherited)",
					"@executable_path/Frameworks",
				);
				PRODUCT_BUNDLE_IDENTIFIER = ru.risorsa.NBAPlayers;
				PRODUCT_NAME = "$(TARGET_NAME)";
				SWIFT_VERSION = 5.0;
				TARGETED_DEVICE_FAMILY = "1,2";
			};
			name = Debug;
		};
		5C63F3CA25BF32B4001260D9 /* Release */ = {
			isa = XCBuildConfiguration;
			buildSettings = {
				ASSETCATALOG_COMPILER_APPICON_NAME = AppIcon;
				ASSETCATALOG_COMPILER_GLOBAL_ACCENT_COLOR_NAME = AccentColor;
				CODE_SIGN_STYLE = Automatic;
				DEVELOPMENT_TEAM = R27KA2D3J8;
				INFOPLIST_FILE = NBAPlayers/Info.plist;
				IPHONEOS_DEPLOYMENT_TARGET = 14.4;
				LD_RUNPATH_SEARCH_PATHS = (
					"$(inherited)",
					"@executable_path/Frameworks",
				);
				PRODUCT_BUNDLE_IDENTIFIER = ru.risorsa.NBAPlayers;
				PRODUCT_NAME = "$(TARGET_NAME)";
				SWIFT_VERSION = 5.0;
				TARGETED_DEVICE_FAMILY = "1,2";
			};
			name = Release;
		};
		5C63F3CC25BF32B4001260D9 /* Debug */ = {
			isa = XCBuildConfiguration;
			buildSettings = {
				ALWAYS_EMBED_SWIFT_STANDARD_LIBRARIES = YES;
				BUNDLE_LOADER = "$(TEST_HOST)";
				CODE_SIGN_STYLE = Automatic;
				DEVELOPMENT_TEAM = R27KA2D3J8;
				INFOPLIST_FILE = NBAPlayersTests/Info.plist;
				IPHONEOS_DEPLOYMENT_TARGET = 14.3;
				LD_RUNPATH_SEARCH_PATHS = (
					"$(inherited)",
					"@executable_path/Frameworks",
					"@loader_path/Frameworks",
				);
				PRODUCT_BUNDLE_IDENTIFIER = ru.risorsa.NBAPlayersTests;
				PRODUCT_NAME = "$(TARGET_NAME)";
				SWIFT_VERSION = 5.0;
				TARGETED_DEVICE_FAMILY = "1,2";
				TEST_HOST = "$(BUILT_PRODUCTS_DIR)/NBAPlayers.app/NBAPlayers";
			};
			name = Debug;
		};
		5C63F3CD25BF32B4001260D9 /* Release */ = {
			isa = XCBuildConfiguration;
			buildSettings = {
				ALWAYS_EMBED_SWIFT_STANDARD_LIBRARIES = YES;
				BUNDLE_LOADER = "$(TEST_HOST)";
				CODE_SIGN_STYLE = Automatic;
				DEVELOPMENT_TEAM = R27KA2D3J8;
				INFOPLIST_FILE = NBAPlayersTests/Info.plist;
				IPHONEOS_DEPLOYMENT_TARGET = 14.3;
				LD_RUNPATH_SEARCH_PATHS = (
					"$(inherited)",
					"@executable_path/Frameworks",
					"@loader_path/Frameworks",
				);
				PRODUCT_BUNDLE_IDENTIFIER = ru.risorsa.NBAPlayersTests;
				PRODUCT_NAME = "$(TARGET_NAME)";
				SWIFT_VERSION = 5.0;
				TARGETED_DEVICE_FAMILY = "1,2";
				TEST_HOST = "$(BUILT_PRODUCTS_DIR)/NBAPlayers.app/NBAPlayers";
			};
			name = Release;
		};
		5C63F3CF25BF32B4001260D9 /* Debug */ = {
			isa = XCBuildConfiguration;
			buildSettings = {
				ALWAYS_EMBED_SWIFT_STANDARD_LIBRARIES = YES;
				CODE_SIGN_STYLE = Automatic;
				DEVELOPMENT_TEAM = R27KA2D3J8;
				INFOPLIST_FILE = NBAPlayersUITests/Info.plist;
				LD_RUNPATH_SEARCH_PATHS = (
					"$(inherited)",
					"@executable_path/Frameworks",
					"@loader_path/Frameworks",
				);
				PRODUCT_BUNDLE_IDENTIFIER = ru.risorsa.NBAPlayersUITests;
				PRODUCT_NAME = "$(TARGET_NAME)";
				SWIFT_VERSION = 5.0;
				TARGETED_DEVICE_FAMILY = "1,2";
				TEST_TARGET_NAME = NBAPlayers;
			};
			name = Debug;
		};
		5C63F3D025BF32B4001260D9 /* Release */ = {
			isa = XCBuildConfiguration;
			buildSettings = {
				ALWAYS_EMBED_SWIFT_STANDARD_LIBRARIES = YES;
				CODE_SIGN_STYLE = Automatic;
				DEVELOPMENT_TEAM = R27KA2D3J8;
				INFOPLIST_FILE = NBAPlayersUITests/Info.plist;
				LD_RUNPATH_SEARCH_PATHS = (
					"$(inherited)",
					"@executable_path/Frameworks",
					"@loader_path/Frameworks",
				);
				PRODUCT_BUNDLE_IDENTIFIER = ru.risorsa.NBAPlayersUITests;
				PRODUCT_NAME = "$(TARGET_NAME)";
				SWIFT_VERSION = 5.0;
				TARGETED_DEVICE_FAMILY = "1,2";
				TEST_TARGET_NAME = NBAPlayers;
			};
			name = Release;
		};
/* End XCBuildConfiguration section */

/* Begin XCConfigurationList section */
		5C63F39925BF32AE001260D9 /* Build configuration list for PBXProject "NBAPlayers" */ = {
			isa = XCConfigurationList;
			buildConfigurations = (
				5C63F3C625BF32B4001260D9 /* Debug */,
				5C63F3C725BF32B4001260D9 /* Release */,
			);
			defaultConfigurationIsVisible = 0;
			defaultConfigurationName = Release;
		};
		5C63F3C825BF32B4001260D9 /* Build configuration list for PBXNativeTarget "NBAPlayers" */ = {
			isa = XCConfigurationList;
			buildConfigurations = (
				5C63F3C925BF32B4001260D9 /* Debug */,
				5C63F3CA25BF32B4001260D9 /* Release */,
			);
			defaultConfigurationIsVisible = 0;
			defaultConfigurationName = Release;
		};
		5C63F3CB25BF32B4001260D9 /* Build configuration list for PBXNativeTarget "NBAPlayersTests" */ = {
			isa = XCConfigurationList;
			buildConfigurations = (
				5C63F3CC25BF32B4001260D9 /* Debug */,
				5C63F3CD25BF32B4001260D9 /* Release */,
			);
			defaultConfigurationIsVisible = 0;
			defaultConfigurationName = Release;
		};
		5C63F3CE25BF32B4001260D9 /* Build configuration list for PBXNativeTarget "NBAPlayersUITests" */ = {
			isa = XCConfigurationList;
			buildConfigurations = (
				5C63F3CF25BF32B4001260D9 /* Debug */,
				5C63F3D025BF32B4001260D9 /* Release */,
			);
			defaultConfigurationIsVisible = 0;
			defaultConfigurationName = Release;
		};
/* End XCConfigurationList section */
	};
	rootObject = 5C63F39625BF32AE001260D9 /* Project object */;
}
